
Microsoft Visual Studio Solution File, Format Version 12.00
# Visual Studio Version 16
VisualStudioVersion = 16.0.31321.278
MinimumVisualStudioVersion = 10.0.40219.1
Project("{8BC9CEB8-8B4A-11D0-8D11-00A0C91BC942}") = "Printing out car names using array", "Printing out car names using array.vcxproj", "{6EB78FEB-6C8D-495D-B33E-9A9E5F5DB815}"
EndProject
Global
	GlobalSection(SolutionConfigurationPlatforms) = preSolution
		Debug|x64 = Debug|x64
		Debug|x86 = Debug|x86
		Release|x64 = Release|x64
		Release|x86 = Release|x86
	EndGlobalSection
	GlobalSection(ProjectConfigurationPlatforms) = postSolution
		{6EB78FEB-6C8D-495D-B33E-9A9E5F5DB815}.Debug|x64.ActiveCfg = Debug|x64
		{6EB78FEB-6C8D-495D-B33E-9A9E5F5DB815}.Debug|x64.Build.0 = Debug|x64
		{6EB78FEB-6C8D-495D-B33E-9A9E5F5DB815}.Debug|x86.ActiveCfg = Debug|Win32
		{6EB78FEB-6C8D-495D-B33E-9A9E5F5DB815}.Debug|x86.Build.0 = Debug|Win32
		{6EB78FEB-6C8D-495D-B33E-9A9E5F5DB815}.Release|x64.ActiveCfg = Release|x64
		{6EB78FEB-6C8D-495D-B33E-9A9E5F5DB815}.Release|x64.Build.0 = Release|x64
		{6EB78FEB-6C8D-495D-B33E-9A9E5F5DB815}.Release|x86.ActiveCfg = Release|Win32
		{6EB78FEB-6C8D-495D-B33E-9A9E5F5DB815}.Release|x86.Build.0 = Release|Win32
	EndGlobalSection
	GlobalSection(SolutionProperties) = preSolution
		HideSolutionNode = FALSE
	EndGlobalSection
	GlobalSection(ExtensibilityGlobals) = postSolution
		SolutionGuid = {5866EEBF-B006-406F-88C3-CADC4BF8B646}
	EndGlobalSection
EndGlobal
